
Microsoft Visual Studio Solution File, Format Version 12.00
# Visual Studio Version 16
VisualStudioVersion = 16.0.31112.23
MinimumVisualStudioVersion = 10.0.40219.1
Project("{FAE04EC0-301F-11D3-BF4B-00C04F79EFBC}") = "HomeWork", "HomeWork.csproj", "{5E53329A-CC4E-4939-AED5-DD10A1717639}"
EndProject
Global
	GlobalSection(SolutionConfigurationPlatforms) = preSolution
		Debug|Any CPU = Debug|Any CPU
		Release|Any CPU = Release|Any CPU
	EndGlobalSection
	GlobalSection(ProjectConfigurationPlatforms) = postSolution
		{5E53329A-CC4E-4939-AED5-DD10A1717639}.Debug|Any CPU.ActiveCfg = Debug|Any CPU
		{5E53329A-CC4E-4939-AED5-DD10A1717639}.Debug|Any CPU.Build.0 = Debug|Any CPU
		{5E53329A-CC4E-4939-AED5-DD10A1717639}.Release|Any CPU.ActiveCfg = Release|Any CPU
		{5E53329A-CC4E-4939-AED5-DD10A1717639}.Release|Any CPU.Build.0 = Release|Any CPU
	EndGlobalSection
	GlobalSection(SolutionProperties) = preSolution
		HideSolutionNode = FALSE
	EndGlobalSection
	GlobalSection(ExtensibilityGlobals) = postSolution
		SolutionGuid = {AD3AC9EA-15D2-4B61-80EA-F298A1C0987A}
	EndGlobalSection
EndGlobal
